// !$*UTF8*$!
{
	archiveVersion = 1;
	classes = {
	};
	objectVersion = 55;
	objects = {

/* Begin PBXBuildFile section */
		B43CD9BC2822BEF600F5BFF4 /* Пропустить.mp3 in Resources */ = {isa = PBXBuildFile; fileRef = B43CD9BA2822BEF600F5BFF4 /* Пропустить.mp3 */; };
		B43CD9BD2822BEF600F5BFF4 /* Правильно.mp3 in Resources */ = {isa = PBXBuildFile; fileRef = B43CD9BB2822BEF600F5BFF4 /* Правильно.mp3 */; };
		C92B7E7A2820625D009DCAA5 /* SettingsController.swift in Sources */ = {isa = PBXBuildFile; fileRef = C92B7E792820625D009DCAA5 /* SettingsController.swift */; };
		C92B7E7C2820626E009DCAA5 /* GameControllers.swift in Sources */ = {isa = PBXBuildFile; fileRef = C92B7E7B2820626E009DCAA5 /* GameControllers.swift */; };
		C92B7E7E28206349009DCAA5 /* AboutController.swift in Sources */ = {isa = PBXBuildFile; fileRef = C92B7E7D28206349009DCAA5 /* AboutController.swift */; };
		C92B7E80282273B6009DCAA5 /* GameModel.swift in Sources */ = {isa = PBXBuildFile; fileRef = C92B7E7F282273B6009DCAA5 /* GameModel.swift */; };
		C92B7E822822D20A009DCAA5 /* SettingsModel.swift in Sources */ = {isa = PBXBuildFile; fileRef = C92B7E812822D20A009DCAA5 /* SettingsModel.swift */; };
		C92B7E842822D67F009DCAA5 /* DataManager.swift in Sources */ = {isa = PBXBuildFile; fileRef = C92B7E832822D67F009DCAA5 /* DataManager.swift */; };
		C958B2EA281F0A410038BBB5 /* AppDelegate.swift in Sources */ = {isa = PBXBuildFile; fileRef = C958B2E9281F0A410038BBB5 /* AppDelegate.swift */; };
		C958B2EC281F0A410038BBB5 /* SceneDelegate.swift in Sources */ = {isa = PBXBuildFile; fileRef = C958B2EB281F0A410038BBB5 /* SceneDelegate.swift */; };
		C958B2EE281F0A410038BBB5 /* ViewController.swift in Sources */ = {isa = PBXBuildFile; fileRef = C958B2ED281F0A410038BBB5 /* ViewController.swift */; };
		C958B2F1281F0A420038BBB5 /* Main.storyboard in Resources */ = {isa = PBXBuildFile; fileRef = C958B2EF281F0A420038BBB5 /* Main.storyboard */; };
		C958B2F3281F0A440038BBB5 /* Assets.xcassets in Resources */ = {isa = PBXBuildFile; fileRef = C958B2F2281F0A440038BBB5 /* Assets.xcassets */; };
		C958B2F6281F0A440038BBB5 /* LaunchScreen.storyboard in Resources */ = {isa = PBXBuildFile; fileRef = C958B2F4281F0A440038BBB5 /* LaunchScreen.storyboard */; };
		FA0C4FBE28218D6C0044C048 /* Questions.swift in Sources */ = {isa = PBXBuildFile; fileRef = FA0C4FBD28218D6C0044C048 /* Questions.swift */; };
/* End PBXBuildFile section */

/* Begin PBXFileReference section */
		B43CD9BA2822BEF600F5BFF4 /* Пропустить.mp3 */ = {isa = PBXFileReference; lastKnownFileType = audio.mp3; path = "Пропустить.mp3"; sourceTree = "<group>"; };
		B43CD9BB2822BEF600F5BFF4 /* Правильно.mp3 */ = {isa = PBXFileReference; lastKnownFileType = audio.mp3; path = "Правильно.mp3"; sourceTree = "<group>"; };
		C92B7E792820625D009DCAA5 /* SettingsController.swift */ = {isa = PBXFileReference; lastKnownFileType = sourcecode.swift; path = SettingsController.swift; sourceTree = "<group>"; };
		C92B7E7B2820626E009DCAA5 /* GameControllers.swift */ = {isa = PBXFileReference; lastKnownFileType = sourcecode.swift; path = GameControllers.swift; sourceTree = "<group>"; };
		C92B7E7D28206349009DCAA5 /* AboutController.swift */ = {isa = PBXFileReference; lastKnownFileType = sourcecode.swift; path = AboutController.swift; sourceTree = "<group>"; };
		C92B7E7F282273B6009DCAA5 /* GameModel.swift */ = {isa = PBXFileReference; lastKnownFileType = sourcecode.swift; path = GameModel.swift; sourceTree = "<group>"; };
		C92B7E812822D20A009DCAA5 /* SettingsModel.swift */ = {isa = PBXFileReference; lastKnownFileType = sourcecode.swift; path = SettingsModel.swift; sourceTree = "<group>"; };
		C92B7E832822D67F009DCAA5 /* DataManager.swift */ = {isa = PBXFileReference; lastKnownFileType = sourcecode.swift; path = DataManager.swift; sourceTree = "<group>"; };
		C958B2E6281F0A410038BBB5 /* ChallengeOne.app */ = {isa = PBXFileReference; explicitFileType = wrapper.application; includeInIndex = 0; path = ChallengeOne.app; sourceTree = BUILT_PRODUCTS_DIR; };
		C958B2E9281F0A410038BBB5 /* AppDelegate.swift */ = {isa = PBXFileReference; lastKnownFileType = sourcecode.swift; path = AppDelegate.swift; sourceTree = "<group>"; };
		C958B2EB281F0A410038BBB5 /* SceneDelegate.swift */ = {isa = PBXFileReference; lastKnownFileType = sourcecode.swift; path = SceneDelegate.swift; sourceTree = "<group>"; };
		C958B2ED281F0A410038BBB5 /* ViewController.swift */ = {isa = PBXFileReference; lastKnownFileType = sourcecode.swift; path = ViewController.swift; sourceTree = "<group>"; };
		C958B2F0281F0A420038BBB5 /* Base */ = {isa = PBXFileReference; lastKnownFileType = file.storyboard; name = Base; path = Base.lproj/Main.storyboard; sourceTree = "<group>"; };
		C958B2F2281F0A440038BBB5 /* Assets.xcassets */ = {isa = PBXFileReference; lastKnownFileType = folder.assetcatalog; path = Assets.xcassets; sourceTree = "<group>"; };
		C958B2F5281F0A440038BBB5 /* Base */ = {isa = PBXFileReference; lastKnownFileType = file.storyboard; name = Base; path = Base.lproj/LaunchScreen.storyboard; sourceTree = "<group>"; };
		C958B2F7281F0A440038BBB5 /* Info.plist */ = {isa = PBXFileReference; lastKnownFileType = text.plist.xml; path = Info.plist; sourceTree = "<group>"; };
		FA0C4FBD28218D6C0044C048 /* Questions.swift */ = {isa = PBXFileReference; lastKnownFileType = sourcecode.swift; path = Questions.swift; sourceTree = "<group>"; };
/* End PBXFileReference section */

/* Begin PBXFrameworksBuildPhase section */
		C958B2E3281F0A410038BBB5 /* Frameworks */ = {
			isa = PBXFrameworksBuildPhase;
			buildActionMask = 2147483647;
			files = (
			);
			runOnlyForDeploymentPostprocessing = 0;
		};
/* End PBXFrameworksBuildPhase section */

/* Begin PBXGroup section */
		C92B7E7728206231009DCAA5 /* Views */ = {
			isa = PBXGroup;
			children = (
				C958B2EF281F0A420038BBB5 /* Main.storyboard */,
			);
			path = Views;
			sourceTree = "<group>";
		};
		C92B7E7828206240009DCAA5 /* Controllers */ = {
			isa = PBXGroup;
			children = (
				C958B2ED281F0A410038BBB5 /* ViewController.swift */,
				C92B7E792820625D009DCAA5 /* SettingsController.swift */,
				C92B7E7B2820626E009DCAA5 /* GameControllers.swift */,
				C92B7E7D28206349009DCAA5 /* AboutController.swift */,
			);
			path = Controllers;
			sourceTree = "<group>";
		};
		C958B2DD281F0A410038BBB5 = {
			isa = PBXGroup;
			children = (
				C958B2E8281F0A410038BBB5 /* ChallengeOne */,
				C958B2E7281F0A410038BBB5 /* Products */,
			);
			sourceTree = "<group>";
		};
		C958B2E7281F0A410038BBB5 /* Products */ = {
			isa = PBXGroup;
			children = (
				C958B2E6281F0A410038BBB5 /* ChallengeOne.app */,
			);
			name = Products;
			sourceTree = "<group>";
		};
		C958B2E8281F0A410038BBB5 /* ChallengeOne */ = {
			isa = PBXGroup;
			children = (
				C958B2E9281F0A410038BBB5 /* AppDelegate.swift */,
				C958B2EB281F0A410038BBB5 /* SceneDelegate.swift */,
				FA0C4FBF28218D750044C048 /* Model */,
				C92B7E7828206240009DCAA5 /* Controllers */,
				C92B7E7728206231009DCAA5 /* Views */,
				C958B2F2281F0A440038BBB5 /* Assets.xcassets */,
				C958B2F4281F0A440038BBB5 /* LaunchScreen.storyboard */,
				C958B2F7281F0A440038BBB5 /* Info.plist */,
				B43CD9BB2822BEF600F5BFF4 /* Правильно.mp3 */,
				B43CD9BA2822BEF600F5BFF4 /* Пропустить.mp3 */,
			);
			path = ChallengeOne;
			sourceTree = "<group>";
		};
		FA0C4FBF28218D750044C048 /* Model */ = {
			isa = PBXGroup;
			children = (
				FA0C4FBD28218D6C0044C048 /* Questions.swift */,
				C92B7E7F282273B6009DCAA5 /* GameModel.swift */,
				C92B7E812822D20A009DCAA5 /* SettingsModel.swift */,
				C92B7E832822D67F009DCAA5 /* DataManager.swift */,
			);
			path = Model;
			sourceTree = "<group>";
		};
/* End PBXGroup section */

/* Begin PBXNativeTarget section */
		C958B2E5281F0A410038BBB5 /* ChallengeOne */ = {
			isa = PBXNativeTarget;
			buildConfigurationList = C958B2FA281F0A440038BBB5 /* Build configuration list for PBXNativeTarget "ChallengeOne" */;
			buildPhases = (
				C958B2E2281F0A410038BBB5 /* Sources */,
				C958B2E3281F0A410038BBB5 /* Frameworks */,
				C958B2E4281F0A410038BBB5 /* Resources */,
			);
			buildRules = (
			);
			dependencies = (
			);
			name = ChallengeOne;
			productName = ChallengeOne;
			productReference = C958B2E6281F0A410038BBB5 /* ChallengeOne.app */;
			productType = "com.apple.product-type.application";
		};
/* End PBXNativeTarget section */

/* Begin PBXProject section */
		C958B2DE281F0A410038BBB5 /* Project object */ = {
			isa = PBXProject;
			attributes = {
				BuildIndependentTargetsInParallel = 1;
				LastSwiftUpdateCheck = 1330;
				LastUpgradeCheck = 1330;
				TargetAttributes = {
					C958B2E5281F0A410038BBB5 = {
						CreatedOnToolsVersion = 13.3;
					};
				};
			};
			buildConfigurationList = C958B2E1281F0A410038BBB5 /* Build configuration list for PBXProject "ChallengeOne" */;
			compatibilityVersion = "Xcode 13.0";
			developmentRegion = en;
			hasScannedForEncodings = 0;
			knownRegions = (
				en,
				Base,
			);
			mainGroup = C958B2DD281F0A410038BBB5;
			productRefGroup = C958B2E7281F0A410038BBB5 /* Products */;
			projectDirPath = "";
			projectRoot = "";
			targets = (
				C958B2E5281F0A410038BBB5 /* ChallengeOne */,
			);
		};
/* End PBXProject section */

/* Begin PBXResourcesBuildPhase section */
		C958B2E4281F0A410038BBB5 /* Resources */ = {
			isa = PBXResourcesBuildPhase;
			buildActionMask = 2147483647;
			files = (
				B43CD9BC2822BEF600F5BFF4 /* Пропустить.mp3 in Resources */,
				C958B2F6281F0A440038BBB5 /* LaunchScreen.storyboard in Resources */,
				C958B2F3281F0A440038BBB5 /* Assets.xcassets in Resources */,
				C958B2F1281F0A420038BBB5 /* Main.storyboard in Resources */,
				B43CD9BD2822BEF600F5BFF4 /* Правильно.mp3 in Resources */,
			);
			runOnlyForDeploymentPostprocessing = 0;
		};
/* End PBXResourcesBuildPhase section */

/* Begin PBXSourcesBuildPhase section */
		C958B2E2281F0A410038BBB5 /* Sources */ = {
			isa = PBXSourcesBuildPhase;
			buildActionMask = 2147483647;
			files = (
				C92B7E822822D20A009DCAA5 /* SettingsModel.swift in Sources */,
				C92B7E842822D67F009DCAA5 /* DataManager.swift in Sources */,
				C92B7E7A2820625D009DCAA5 /* SettingsController.swift in Sources */,
				C958B2EE281F0A410038BBB5 /* ViewController.swift in Sources */,
				C958B2EA281F0A410038BBB5 /* AppDelegate.swift in Sources */,
				FA0C4FBE28218D6C0044C048 /* Questions.swift in Sources */,
				C958B2EC281F0A410038BBB5 /* SceneDelegate.swift in Sources */,
				C92B7E80282273B6009DCAA5 /* GameModel.swift in Sources */,
				C92B7E7C2820626E009DCAA5 /* GameControllers.swift in Sources */,
				C92B7E7E28206349009DCAA5 /* AboutController.swift in Sources */,
			);
			runOnlyForDeploymentPostprocessing = 0;
		};
/* End PBXSourcesBuildPhase section */

/* Begin PBXVariantGroup section */
		C958B2EF281F0A420038BBB5 /* Main.storyboard */ = {
			isa = PBXVariantGroup;
			children = (
				C958B2F0281F0A420038BBB5 /* Base */,
			);
			name = Main.storyboard;
			sourceTree = "<group>";
		};
		C958B2F4281F0A440038BBB5 /* LaunchScreen.storyboard */ = {
			isa = PBXVariantGroup;
			children = (
				C958B2F5281F0A440038BBB5 /* Base */,
			);
			name = LaunchScreen.storyboard;
			sourceTree = "<group>";
		};
/* End PBXVariantGroup section */

/* Begin XCBuildConfiguration section */
		C958B2F8281F0A440038BBB5 /* Debug */ = {
			isa = XCBuildConfiguration;
			buildSettings = {
				ALWAYS_SEARCH_USER_PATHS = NO;
				CLANG_ANALYZER_NONNULL = YES;
				CLANG_ANALYZER_NUMBER_OBJECT_CONVERSION = YES_AGGRESSIVE;
				CLANG_CXX_LANGUAGE_STANDARD = "gnu++17";
				CLANG_ENABLE_MODULES = YES;
				CLANG_ENABLE_OBJC_ARC = YES;
				CLANG_ENABLE_OBJC_WEAK = YES;
				CLANG_WARN_BLOCK_CAPTURE_AUTORELEASING = YES;
				CLANG_WARN_BOOL_CONVERSION = YES;
				CLANG_WARN_COMMA = YES;
				CLANG_WARN_CONSTANT_CONVERSION = YES;
				CLANG_WARN_DEPRECATED_OBJC_IMPLEMENTATIONS = YES;
				CLANG_WARN_DIRECT_OBJC_ISA_USAGE = YES_ERROR;
				CLANG_WARN_DOCUMENTATION_COMMENTS = YES;
				CLANG_WARN_EMPTY_BODY = YES;
				CLANG_WARN_ENUM_CONVERSION = YES;
				CLANG_WARN_INFINITE_RECURSION = YES;
				CLANG_WARN_INT_CONVERSION = YES;
				CLANG_WARN_NON_LITERAL_NULL_CONVERSION = YES;
				CLANG_WARN_OBJC_IMPLICIT_RETAIN_SELF = YES;
				CLANG_WARN_OBJC_LITERAL_CONVERSION = YES;
				CLANG_WARN_OBJC_ROOT_CLASS = YES_ERROR;
				CLANG_WARN_QUOTED_INCLUDE_IN_FRAMEWORK_HEADER = YES;
				CLANG_WARN_RANGE_LOOP_ANALYSIS = YES;
				CLANG_WARN_STRICT_PROTOTYPES = YES;
				CLANG_WARN_SUSPICIOUS_MOVE = YES;
				CLANG_WARN_UNGUARDED_AVAILABILITY = YES_AGGRESSIVE;
				CLANG_WARN_UNREACHABLE_CODE = YES;
				CLANG_WARN__DUPLICATE_METHOD_MATCH = YES;
				COPY_PHASE_STRIP = NO;
				DEBUG_INFORMATION_FORMAT = dwarf;
				ENABLE_STRICT_OBJC_MSGSEND = YES;
				ENABLE_TESTABILITY = YES;
				GCC_C_LANGUAGE_STANDARD = gnu11;
				GCC_DYNAMIC_NO_PIC = NO;
				GCC_NO_COMMON_BLOCKS = YES;
				GCC_OPTIMIZATION_LEVEL = 0;
				GCC_PREPROCESSOR_DEFINITIONS = (
					"DEBUG=1",
					"$(inherited)",
				);
				GCC_WARN_64_TO_32_BIT_CONVERSION = YES;
				GCC_WARN_ABOUT_RETURN_TYPE = YES_ERROR;
				GCC_WARN_UNDECLARED_SELECTOR = YES;
				GCC_WARN_UNINITIALIZED_AUTOS = YES_AGGRESSIVE;
				GCC_WARN_UNUSED_FUNCTION = YES;
				GCC_WARN_UNUSED_VARIABLE = YES;
				IPHONEOS_DEPLOYMENT_TARGET = 15.4;
				MTL_ENABLE_DEBUG_INFO = INCLUDE_SOURCE;
				MTL_FAST_MATH = YES;
				ONLY_ACTIVE_ARCH = YES;
				SDKROOT = iphoneos;
				SWIFT_ACTIVE_COMPILATION_CONDITIONS = DEBUG;
				SWIFT_OPTIMIZATION_LEVEL = "-Onone";
			};
			name = Debug;
		};
		C958B2F9281F0A440038BBB5 /* Release */ = {
			isa = XCBuildConfiguration;
			buildSettings = {
				ALWAYS_SEARCH_USER_PATHS = NO;
				CLANG_ANALYZER_NONNULL = YES;
				CLANG_ANALYZER_NUMBER_OBJECT_CONVERSION = YES_AGGRESSIVE;
				CLANG_CXX_LANGUAGE_STANDARD = "gnu++17";
				CLANG_ENABLE_MODULES = YES;
				CLANG_ENABLE_OBJC_ARC = YES;
				CLANG_ENABLE_OBJC_WEAK = YES;
				CLANG_WARN_BLOCK_CAPTURE_AUTORELEASING = YES;
				CLANG_WARN_BOOL_CONVERSION = YES;
				CLANG_WARN_COMMA = YES;
				CLANG_WARN_CONSTANT_CONVERSION = YES;
				CLANG_WARN_DEPRECATED_OBJC_IMPLEMENTATIONS = YES;
				CLANG_WARN_DIRECT_OBJC_ISA_USAGE = YES_ERROR;
				CLANG_WARN_DOCUMENTATION_COMMENTS = YES;
				CLANG_WARN_EMPTY_BODY = YES;
				CLANG_WARN_ENUM_CONVERSION = YES;
				CLANG_WARN_INFINITE_RECURSION = YES;
				CLANG_WARN_INT_CONVERSION = YES;
				CLANG_WARN_NON_LITERAL_NULL_CONVERSION = YES;
				CLANG_WARN_OBJC_IMPLICIT_RETAIN_SELF = YES;
				CLANG_WARN_OBJC_LITERAL_CONVERSION = YES;
				CLANG_WARN_OBJC_ROOT_CLASS = YES_ERROR;
				CLANG_WARN_QUOTED_INCLUDE_IN_FRAMEWORK_HEADER = YES;
				CLANG_WARN_RANGE_LOOP_ANALYSIS = YES;
				CLANG_WARN_STRICT_PROTOTYPES = YES;
				CLANG_WARN_SUSPICIOUS_MOVE = YES;
				CLANG_WARN_UNGUARDED_AVAILABILITY = YES_AGGRESSIVE;
				CLANG_WARN_UNREACHABLE_CODE = YES;
				CLANG_WARN__DUPLICATE_METHOD_MATCH = YES;
				COPY_PHASE_STRIP = NO;
				DEBUG_INFORMATION_FORMAT = "dwarf-with-dsym";
				ENABLE_NS_ASSERTIONS = NO;
				ENABLE_STRICT_OBJC_MSGSEND = YES;
				GCC_C_LANGUAGE_STANDARD = gnu11;
				GCC_NO_COMMON_BLOCKS = YES;
				GCC_WARN_64_TO_32_BIT_CONVERSION = YES;
				GCC_WARN_ABOUT_RETURN_TYPE = YES_ERROR;
				GCC_WARN_UNDECLARED_SELECTOR = YES;
				GCC_WARN_UNINITIALIZED_AUTOS = YES_AGGRESSIVE;
				GCC_WARN_UNUSED_FUNCTION = YES;
				GCC_WARN_UNUSED_VARIABLE = YES;
				IPHONEOS_DEPLOYMENT_TARGET = 15.4;
				MTL_ENABLE_DEBUG_INFO = NO;
				MTL_FAST_MATH = YES;
				SDKROOT = iphoneos;
				SWIFT_COMPILATION_MODE = wholemodule;
				SWIFT_OPTIMIZATION_LEVEL = "-O";
				VALIDATE_PRODUCT = YES;
			};
			name = Release;
		};
		C958B2FB281F0A440038BBB5 /* Debug */ = {
			isa = XCBuildConfiguration;
			buildSettings = {
				ASSETCATALOG_COMPILER_APPICON_NAME = AppIcon;
				ASSETCATALOG_COMPILER_GLOBAL_ACCENT_COLOR_NAME = AccentColor;
				CODE_SIGN_STYLE = Automatic;
				CURRENT_PROJECT_VERSION = 1;
				DEVELOPMENT_TEAM = U7VDM8AC6G;
				GENERATE_INFOPLIST_FILE = YES;
				INFOPLIST_FILE = ChallengeOne/Info.plist;
				INFOPLIST_KEY_UIApplicationSupportsIndirectInputEvents = YES;
				INFOPLIST_KEY_UILaunchStoryboardName = LaunchScreen;
				INFOPLIST_KEY_UIMainStoryboardFile = Main;
				INFOPLIST_KEY_UISupportedInterfaceOrientations_iPad = "UIInterfaceOrientationPortrait UIInterfaceOrientationPortraitUpsideDown UIInterfaceOrientationLandscapeLeft UIInterfaceOrientationLandscapeRight";
				INFOPLIST_KEY_UISupportedInterfaceOrientations_iPhone = "UIInterfaceOrientationPortrait UIInterfaceOrientationLandscapeLeft UIInterfaceOrientationLandscapeRight";
				IPHONEOS_DEPLOYMENT_TARGET = 15.0;
				LD_RUNPATH_SEARCH_PATHS = (
					"$(inherited)",
					"@executable_path/Frameworks",
				);
				MARKETING_VERSION = 1.0;
				PRODUCT_BUNDLE_IDENTIFIER = ru.crashdev.ChallengeOne;
				PRODUCT_NAME = "$(TARGET_NAME)";
				SWIFT_EMIT_LOC_STRINGS = YES;
				SWIFT_VERSION = 5.0;
				TARGETED_DEVICE_FAMILY = "1,2";
			};
			name = Debug;
		};
		C958B2FC281F0A440038BBB5 /* Release */ = {
			isa = XCBuildConfiguration;
			buildSettings = {
				ASSETCATALOG_COMPILER_APPICON_NAME = AppIcon;
				ASSETCATALOG_COMPILER_GLOBAL_ACCENT_COLOR_NAME = AccentColor;
				CODE_SIGN_STYLE = Automatic;
				CURRENT_PROJECT_VERSION = 1;
				DEVELOPMENT_TEAM = U7VDM8AC6G;
				GENERATE_INFOPLIST_FILE = YES;
				INFOPLIST_FILE = ChallengeOne/Info.plist;
				INFOPLIST_KEY_UIApplicationSupportsIndirectInputEvents = YES;
				INFOPLIST_KEY_UILaunchStoryboardName = LaunchScreen;
				INFOPLIST_KEY_UIMainStoryboardFile = Main;
				INFOPLIST_KEY_UISupportedInterfaceOrientations_iPad = "UIInterfaceOrientationPortrait UIInterfaceOrientationPortraitUpsideDown UIInterfaceOrientationLandscapeLeft UIInterfaceOrientationLandscapeRight";
				INFOPLIST_KEY_UISupportedInterfaceOrientations_iPhone = "UIInterfaceOrientationPortrait UIInterfaceOrientationLandscapeLeft UIInterfaceOrientationLandscapeRight";
				IPHONEOS_DEPLOYMENT_TARGET = 15.0;
				LD_RUNPATH_SEARCH_PATHS = (
					"$(inherited)",
					"@executable_path/Frameworks",
				);
				MARKETING_VERSION = 1.0;
				PRODUCT_BUNDLE_IDENTIFIER = ru.crashdev.ChallengeOne;
				PRODUCT_NAME = "$(TARGET_NAME)";
				SWIFT_EMIT_LOC_STRINGS = YES;
				SWIFT_VERSION = 5.0;
				TARGETED_DEVICE_FAMILY = "1,2";
			};
			name = Release;
		};
/* End XCBuildConfiguration section */

/* Begin XCConfigurationList section */
		C958B2E1281F0A410038BBB5 /* Build configuration list for PBXProject "ChallengeOne" */ = {
			isa = XCConfigurationList;
			buildConfigurations = (
				C958B2F8281F0A440038BBB5 /* Debug */,
				C958B2F9281F0A440038BBB5 /* Release */,
			);
			defaultConfigurationIsVisible = 0;
			defaultConfigurationName = Release;
		};
		C958B2FA281F0A440038BBB5 /* Build configuration list for PBXNativeTarget "ChallengeOne" */ = {
			isa = XCConfigurationList;
			buildConfigurations = (
				C958B2FB281F0A440038BBB5 /* Debug */,
				C958B2FC281F0A440038BBB5 /* Release */,
			);
			defaultConfigurationIsVisible = 0;
			defaultConfigurationName = Release;
		};
/* End XCConfigurationList section */
	};
	rootObject = C958B2DE281F0A410038BBB5 /* Project object */;
}
